
Microsoft Visual Studio Solution File, Format Version 12.00
# Visual Studio Version 16
VisualStudioVersion = 16.0.30621.155
MinimumVisualStudioVersion = 10.0.40219.1
Project("{FAE04EC0-301F-11D3-BF4B-00C04F79EFBC}") = "ConsoleApp10", "ConsoleApp10\ConsoleApp10.csproj", "{8B0B442E-0A9D-4EE4-B0C6-5B10B172057E}"
EndProject
Global
	GlobalSection(SolutionConfigurationPlatforms) = preSolution
		Debug|Any CPU = Debug|Any CPU
		Release|Any CPU = Release|Any CPU
	EndGlobalSection
	GlobalSection(ProjectConfigurationPlatforms) = postSolution
		{8B0B442E-0A9D-4EE4-B0C6-5B10B172057E}.Debug|Any CPU.ActiveCfg = Debug|Any CPU
		{8B0B442E-0A9D-4EE4-B0C6-5B10B172057E}.Debug|Any CPU.Build.0 = Debug|Any CPU
		{8B0B442E-0A9D-4EE4-B0C6-5B10B172057E}.Release|Any CPU.ActiveCfg = Release|Any CPU
		{8B0B442E-0A9D-4EE4-B0C6-5B10B172057E}.Release|Any CPU.Build.0 = Release|Any CPU
	EndGlobalSection
	GlobalSection(SolutionProperties) = preSolution
		HideSolutionNode = FALSE
	EndGlobalSection
	GlobalSection(ExtensibilityGlobals) = postSolution
		SolutionGuid = {86D207E8-9C95-4151-A42F-AD1E0BDC3AFD}
	EndGlobalSection
EndGlobal
